
Microsoft Visual Studio Solution File, Format Version 12.00
# Visual Studio Version 17
VisualStudioVersion = 17.8.34525.116
MinimumVisualStudioVersion = 10.0.40219.1
Project("{FAE04EC0-301F-11D3-BF4B-00C04F79EFBC}") = "BankManagementSystem_WEB", "BankManagementSystem_WEB\BankManagementSystem_WEB.csproj", "{A0F4BF42-2D85-4DFE-B227-B96402374A00}"
EndProject
Global
	GlobalSection(SolutionConfigurationPlatforms) = preSolution
		Debug|Any CPU = Debug|Any CPU
		Release|Any CPU = Release|Any CPU
	EndGlobalSection
	GlobalSection(ProjectConfigurationPlatforms) = postSolution
		{A0F4BF42-2D85-4DFE-B227-B96402374A00}.Debug|Any CPU.ActiveCfg = Debug|Any CPU
		{A0F4BF42-2D85-4DFE-B227-B96402374A00}.Debug|Any CPU.Build.0 = Debug|Any CPU
		{A0F4BF42-2D85-4DFE-B227-B96402374A00}.Release|Any CPU.ActiveCfg = Release|Any CPU
		{A0F4BF42-2D85-4DFE-B227-B96402374A00}.Release|Any CPU.Build.0 = Release|Any CPU
	EndGlobalSection
	GlobalSection(SolutionProperties) = preSolution
		HideSolutionNode = FALSE
	EndGlobalSection
	GlobalSection(ExtensibilityGlobals) = postSolution
		SolutionGuid = {59FF7719-F6D4-47D2-BF6D-57A27EE4610F}
	EndGlobalSection
EndGlobal
